
Microsoft Visual Studio Solution File, Format Version 12.00
# Visual Studio Version 17
VisualStudioVersion = 17.0.31903.59
MinimumVisualStudioVersion = 10.0.40219.1
Project("{FAE04EC0-301F-11D3-BF4B-00C04F79EFBC}") = "todo_list_server", "todo_list_server\todo_list_server.csproj", "{8BA3EFFE-D02D-4972-8F39-C812D8BD92BE}"
EndProject
Project("{FAE04EC0-301F-11D3-BF4B-00C04F79EFBC}") = "todo_list_server.Tests", "todo_list_server.Tests\todo_list_server.Tests.csproj", "{AF91F4A6-737A-441E-8AAF-B986CC58FF3E}"
EndProject
Global
	GlobalSection(SolutionConfigurationPlatforms) = preSolution
		Debug|Any CPU = Debug|Any CPU
		Release|Any CPU = Release|Any CPU
	EndGlobalSection
	GlobalSection(SolutionProperties) = preSolution
		HideSolutionNode = FALSE
	EndGlobalSection
	GlobalSection(ProjectConfigurationPlatforms) = postSolution
		{8BA3EFFE-D02D-4972-8F39-C812D8BD92BE}.Debug|Any CPU.ActiveCfg = Debug|Any CPU
		{8BA3EFFE-D02D-4972-8F39-C812D8BD92BE}.Debug|Any CPU.Build.0 = Debug|Any CPU
		{8BA3EFFE-D02D-4972-8F39-C812D8BD92BE}.Release|Any CPU.ActiveCfg = Release|Any CPU
		{8BA3EFFE-D02D-4972-8F39-C812D8BD92BE}.Release|Any CPU.Build.0 = Release|Any CPU
		{AF91F4A6-737A-441E-8AAF-B986CC58FF3E}.Debug|Any CPU.ActiveCfg = Debug|Any CPU
		{AF91F4A6-737A-441E-8AAF-B986CC58FF3E}.Debug|Any CPU.Build.0 = Debug|Any CPU
		{AF91F4A6-737A-441E-8AAF-B986CC58FF3E}.Release|Any CPU.ActiveCfg = Release|Any CPU
		{AF91F4A6-737A-441E-8AAF-B986CC58FF3E}.Release|Any CPU.Build.0 = Release|Any CPU
	EndGlobalSection
EndGlobal
