
Microsoft Visual Studio Solution File, Format Version 12.00
# Visual Studio Version 17
VisualStudioVersion = 17.0.31903.59
MinimumVisualStudioVersion = 10.0.40219.1
Project("{9A19103F-16F7-4668-BE54-9A1E7A4F7556}") = "todo_list_server", "todo_list_server\todo_list_server.csproj", "{8BA3EFFE-D02D-4972-8F39-C812D8BD92BE}"
EndProject
Global
	GlobalSection(SolutionConfigurationPlatforms) = preSolution
		Debug|Any CPU = Debug|Any CPU
		Release|Any CPU = Release|Any CPU
	EndGlobalSection
	GlobalSection(ProjectConfigurationPlatforms) = postSolution
		{8BA3EFFE-D02D-4972-8F39-C812D8BD92BE}.Debug|Any CPU.ActiveCfg = Debug|Any CPU
		{8BA3EFFE-D02D-4972-8F39-C812D8BD92BE}.Debug|Any CPU.Build.0 = Debug|Any CPU
		{8BA3EFFE-D02D-4972-8F39-C812D8BD92BE}.Release|Any CPU.ActiveCfg = Release|Any CPU
		{8BA3EFFE-D02D-4972-8F39-C812D8BD92BE}.Release|Any CPU.Build.0 = Release|Any CPU
	EndGlobalSection
	GlobalSection(SolutionProperties) = preSolution
		HideSolutionNode = FALSE
	EndGlobalSection
EndGlobal
